{
  "requires": true,
  "lockfileVersion": 1,
  "dependencies": {
    "plotly.js-dist": {
      "version": "2.11.1",
      "resolved": "https://registry.npmjs.org/plotly.js-dist/-/plotly.js-dist-2.11.1.tgz",
      "integrity": "sha512-TubG71bBueWRMkQQMGlG8/0q753x5LLXzEHieUt9s0M/nD7WpnjC7sEwH+flhN6dOLqQ2wGlOb8Z4A3ah4IDWg=="
    }
  }
}
